
Microsoft Visual Studio Solution File, Format Version 12.00
# Visual Studio 15
VisualStudioVersion = 15.0.27703.2042
MinimumVisualStudioVersion = 10.0.40219.1
Project("{FAE04EC0-301F-11D3-BF4B-00C04F79EFBC}") = "LearnSharp.BasicKnowledge", "LearnSharp.BasicKnowledge\LearnSharp.BasicKnowledge.csproj", "{505E3887-AE74-46C4-8DAB-508C7C586CAC}"
EndProject
Project("{FAE04EC0-301F-11D3-BF4B-00C04F79EFBC}") = "LearnSharp.CustomInterface", "LearnSharp.CustomInterface\LearnSharp.CustomInterface.csproj", "{5724DDBE-68CD-4DAE-94C0-76796C72B4C4}"
EndProject
Project("{FAE04EC0-301F-11D3-BF4B-00C04F79EFBC}") = "HelloWorld", "HelloWorld\HelloWorld.csproj", "{19BAE7EB-0994-4601-B1FC-517C08C6EB7F}"
EndProject
Project("{FAE04EC0-301F-11D3-BF4B-00C04F79EFBC}") = "LearnSharp.CustomDelegate", "LearnSharp.CustomDelegate\LearnSharp.CustomDelegate.csproj", "{6B77BEC3-5769-4B98-991A-4443034A109F}"
EndProject
Project("{FAE04EC0-301F-11D3-BF4B-00C04F79EFBC}") = "LearnSharp.ChainDelegate", "LearnSharp.ChainDelegate\LearnSharp.ChainDelegate.csproj", "{4A410D9F-376A-4281-9A33-F888DD1A53C2}"
EndProject
Project("{FAE04EC0-301F-11D3-BF4B-00C04F79EFBC}") = "LearnSharp.CustomEvent", "LearnSharp.CustomEvent\LearnSharp.CustomEvent.csproj", "{B2AD6E97-70E1-4C25-9C0E-F4221F2F37CB}"
EndProject
Global
	GlobalSection(SolutionConfigurationPlatforms) = preSolution
		Debug|Any CPU = Debug|Any CPU
		Release|Any CPU = Release|Any CPU
	EndGlobalSection
	GlobalSection(ProjectConfigurationPlatforms) = postSolution
		{505E3887-AE74-46C4-8DAB-508C7C586CAC}.Debug|Any CPU.ActiveCfg = Debug|Any CPU
		{505E3887-AE74-46C4-8DAB-508C7C586CAC}.Debug|Any CPU.Build.0 = Debug|Any CPU
		{505E3887-AE74-46C4-8DAB-508C7C586CAC}.Release|Any CPU.ActiveCfg = Release|Any CPU
		{505E3887-AE74-46C4-8DAB-508C7C586CAC}.Release|Any CPU.Build.0 = Release|Any CPU
		{5724DDBE-68CD-4DAE-94C0-76796C72B4C4}.Debug|Any CPU.ActiveCfg = Debug|Any CPU
		{5724DDBE-68CD-4DAE-94C0-76796C72B4C4}.Debug|Any CPU.Build.0 = Debug|Any CPU
		{5724DDBE-68CD-4DAE-94C0-76796C72B4C4}.Release|Any CPU.ActiveCfg = Release|Any CPU
		{5724DDBE-68CD-4DAE-94C0-76796C72B4C4}.Release|Any CPU.Build.0 = Release|Any CPU
		{19BAE7EB-0994-4601-B1FC-517C08C6EB7F}.Debug|Any CPU.ActiveCfg = Debug|Any CPU
		{19BAE7EB-0994-4601-B1FC-517C08C6EB7F}.Debug|Any CPU.Build.0 = Debug|Any CPU
		{19BAE7EB-0994-4601-B1FC-517C08C6EB7F}.Release|Any CPU.ActiveCfg = Release|Any CPU
		{19BAE7EB-0994-4601-B1FC-517C08C6EB7F}.Release|Any CPU.Build.0 = Release|Any CPU
		{6B77BEC3-5769-4B98-991A-4443034A109F}.Debug|Any CPU.ActiveCfg = Debug|Any CPU
		{6B77BEC3-5769-4B98-991A-4443034A109F}.Debug|Any CPU.Build.0 = Debug|Any CPU
		{6B77BEC3-5769-4B98-991A-4443034A109F}.Release|Any CPU.ActiveCfg = Release|Any CPU
		{6B77BEC3-5769-4B98-991A-4443034A109F}.Release|Any CPU.Build.0 = Release|Any CPU
		{4A410D9F-376A-4281-9A33-F888DD1A53C2}.Debug|Any CPU.ActiveCfg = Debug|Any CPU
		{4A410D9F-376A-4281-9A33-F888DD1A53C2}.Debug|Any CPU.Build.0 = Debug|Any CPU
		{4A410D9F-376A-4281-9A33-F888DD1A53C2}.Release|Any CPU.ActiveCfg = Release|Any CPU
		{4A410D9F-376A-4281-9A33-F888DD1A53C2}.Release|Any CPU.Build.0 = Release|Any CPU
		{B2AD6E97-70E1-4C25-9C0E-F4221F2F37CB}.Debug|Any CPU.ActiveCfg = Debug|Any CPU
		{B2AD6E97-70E1-4C25-9C0E-F4221F2F37CB}.Debug|Any CPU.Build.0 = Debug|Any CPU
		{B2AD6E97-70E1-4C25-9C0E-F4221F2F37CB}.Release|Any CPU.ActiveCfg = Release|Any CPU
		{B2AD6E97-70E1-4C25-9C0E-F4221F2F37CB}.Release|Any CPU.Build.0 = Release|Any CPU
	EndGlobalSection
	GlobalSection(SolutionProperties) = preSolution
		HideSolutionNode = FALSE
	EndGlobalSection
	GlobalSection(ExtensibilityGlobals) = postSolution
		SolutionGuid = {7FA83DD5-B2B0-47BF-BCFF-73F1C2918F9F}
	EndGlobalSection
EndGlobal
